<?xml version="1.0" encoding="utf-8"?>
<Project ToolsVersion="4.0" xmlns="http://schemas.microsoft.com/developer/msbuild/2003">
  <ItemGroup>
    <Filter Include="Source Files">
      <UniqueIdentifier>{4FC737F1-C7A5-4376-A066-2A32D752A2FF}</UniqueIdentifier>
      <Extensions>cpp;c;cc;cxx;def;odl;idl;hpj;bat;asm;asmx</Extensions>
    </Filter>
    <Filter Include="Header Files">
      <UniqueIdentifier>{93995380-89BD-4b04-88EB-625FBE52EBFB}</UniqueIdentifier>
      <Extensions>h;hh;hpp;hxx;hm;inl;inc;xsd</Extensions>
    </Filter>
    <Filter Include="Resource Files">
      <UniqueIdentifier>{D9D6E242-F8AF-46E4-B9FD-80ECBC20BA3E}</UniqueIdentifier>
      <Extensions>qrc;*</Extensions>
      <ParseFiles>false</ParseFiles>
    </Filter>
    <Filter Include="Resource Files">
      <UniqueIdentifier>{D9D6E242-F8AF-46E4-B9FD-80ECBC20BA3E}</UniqueIdentifier>
      <Extensions>qrc;*</Extensions>
      <ParseFiles>false</ParseFiles>
    </Filter>
    <Filter Include="Generated Files">
      <UniqueIdentifier>{71ED8ED8-ACB9-4CE9-BBE1-E00B30144E11}</UniqueIdentifier>
      <Extensions>moc;h;cpp</Extensions>
      <SourceControlFiles>False</SourceControlFiles>
    </Filter>
    <Filter Include="Generated Files\Debug">
      <UniqueIdentifier>{f7996e59-31e9-417d-ab05-2da2e6ff4f59}</UniqueIdentifier>
      <Extensions>cpp;moc</Extensions>
      <SourceControlFiles>False</SourceControlFiles>
    </Filter>
    <Filter Include="Generated Files\Release">
      <UniqueIdentifier>{cac8ff5b-64d2-476a-ac01-32d9d81d6b60}</UniqueIdentifier>
      <Extensions>cpp;moc</Extensions>
      <SourceControlFiles>False</SourceControlFiles>
    </Filter>
  </ItemGroup>
  <ItemGroup>
    <ClInclude Include="upelib_global.h">
      <Filter>Header Files</Filter>
    </ClInclude>
    <ClInclude Include="databasetreeitem.h">
      <Filter>Header Files</Filter>
    </ClInclude>
  </ItemGroup>
  <ItemGroup>
    <CustomBuild Include="managepacketdata.h">
      <Filter>Header Files</Filter>
    </CustomBuild>
    <CustomBuild Include="baseclientsocket.h">
      <Filter>Header Files</Filter>
    </CustomBuild>
    <CustomBuild Include="osqlsettingsreader.h">
      <Filter>Header Files</Filter>
    </CustomBuild>
    <CustomBuild Include="rawpacketclientsocket.h">
      <Filter>Header Files</Filter>
    </CustomBuild>
    <CustomBuild Include="tcpclientsocket.h">
      <Filter>Header Files</Filter>
    </CustomBuild>
    <CustomBuild Include="xsdmanagepacketparser.h">
      <Filter>Header Files</Filter>
    </CustomBuild>
    <CustomBuild Include="databasetreemodel.h">
      <Filter>Header Files</Filter>
    </CustomBuild>
    <CustomBuild Include="xsddbconnecterrorpacketparser.h">
      <Filter>Header Files</Filter>
    </CustomBuild>
    <CustomBuild Include="xsdinformpacketparser.h">
      <Filter>Header Files</Filter>
    </CustomBuild>
    <CustomBuild Include="xsdresolvepacketparser.h">
      <Filter>Header Files</Filter>
    </CustomBuild>
    <CustomBuild Include="dbconnecterrorpacketdata.h">
      <Filter>Header Files</Filter>
    </CustomBuild>
    <CustomBuild Include="informpacketdata.h">
      <Filter>Header Files</Filter>
    </CustomBuild>
    <CustomBuild Include="resolvepacketdata.h">
      <Filter>Header Files</Filter>
    </CustomBuild>
    <CustomBuild Include="labelsettingsreader.h">
      <Filter>Header Files</Filter>
    </CustomBuild>
    <CustomBuild Include="ftpclient.h">
      <Filter>Header Files</Filter>
    </CustomBuild>
    <CustomBuild Include="backupdatabasepacketdata.h">
      <Filter>Header Files</Filter>
    </CustomBuild>
    <CustomBuild Include="xsdbackupdatabasepacketparser.h">
      <Filter>Header Files</Filter>
    </CustomBuild>
    <CustomBuild Include="listdatabasepacketdata.h">
      <Filter>Header Files</Filter>
    </CustomBuild>
    <CustomBuild Include="xsdlistdatabasepacketparser.h">
      <Filter>Header Files</Filter>
    </CustomBuild>
    <CustomBuild Include="restoredatabasepacketdata.h">
      <Filter>Header Files</Filter>
    </CustomBuild>
    <CustomBuild Include="xsdrestoredatabasepacketparser.h">
      <Filter>Header Files</Filter>
    </CustomBuild>
    <CustomBuild Include="replicationobjectpacketdata.h">
      <Filter>Header Files</Filter>
    </CustomBuild>
    <CustomBuild Include="xsdreplicationobjectpacketparser.h">
      <Filter>Header Files</Filter>
    </CustomBuild>
    <CustomBuild Include="listserverpacketdata.h">
      <Filter>Header Files</Filter>
    </CustomBuild>
    <CustomBuild Include="xsdlistserverpacketparser.h">
      <Filter>Header Files</Filter>
    </CustomBuild>
  </ItemGroup>
  <ItemGroup>
    <ClCompile Include="GeneratedFiles\Debug\moc_managepacketdata.cpp">
      <Filter>Generated Files\Debug</Filter>
    </ClCompile>
    <ClCompile Include="GeneratedFiles\Release\moc_managepacketdata.cpp">
      <Filter>Generated Files\Release</Filter>
    </ClCompile>
    <ClCompile Include="managepacketdata.cpp">
      <Filter>Source Files</Filter>
    </ClCompile>
    <ClCompile Include="GeneratedFiles\Debug\moc_baseclientsocket.cpp">
      <Filter>Generated Files\Debug</Filter>
    </ClCompile>
    <ClCompile Include="GeneratedFiles\Release\moc_baseclientsocket.cpp">
      <Filter>Generated Files\Release</Filter>
    </ClCompile>
    <ClCompile Include="GeneratedFiles\Debug\moc_osqlsettingsreader.cpp">
      <Filter>Generated Files\Debug</Filter>
    </ClCompile>
    <ClCompile Include="GeneratedFiles\Release\moc_osqlsettingsreader.cpp">
      <Filter>Generated Files\Release</Filter>
    </ClCompile>
    <ClCompile Include="GeneratedFiles\Debug\moc_rawpacketclientsocket.cpp">
      <Filter>Generated Files\Debug</Filter>
    </ClCompile>
    <ClCompile Include="GeneratedFiles\Release\moc_rawpacketclientsocket.cpp">
      <Filter>Generated Files\Release</Filter>
    </ClCompile>
    <ClCompile Include="GeneratedFiles\Debug\moc_tcpclientsocket.cpp">
      <Filter>Generated Files\Debug</Filter>
    </ClCompile>
    <ClCompile Include="GeneratedFiles\Release\moc_tcpclientsocket.cpp">
      <Filter>Generated Files\Release</Filter>
    </ClCompile>
    <ClCompile Include="GeneratedFiles\Debug\moc_xsdmanagepacketparser.cpp">
      <Filter>Generated Files\Debug</Filter>
    </ClCompile>
    <ClCompile Include="GeneratedFiles\Release\moc_xsdmanagepacketparser.cpp">
      <Filter>Generated Files\Release</Filter>
    </ClCompile>
    <ClCompile Include="baseclientsocket.cpp">
      <Filter>Source Files</Filter>
    </ClCompile>
    <ClCompile Include="osqlsettingsreader.cpp">
      <Filter>Source Files</Filter>
    </ClCompile>
    <ClCompile Include="rawpacketclientsocket.cpp">
      <Filter>Source Files</Filter>
    </ClCompile>
    <ClCompile Include="tcpclientsocket.cpp">
      <Filter>Source Files</Filter>
    </ClCompile>
    <ClCompile Include="xsdmanagepacketparser.cpp">
      <Filter>Source Files</Filter>
    </ClCompile>
    <ClCompile Include="GeneratedFiles\Debug\moc_databasetreemodel.cpp">
      <Filter>Generated Files\Debug</Filter>
    </ClCompile>
    <ClCompile Include="GeneratedFiles\Release\moc_databasetreemodel.cpp">
      <Filter>Generated Files\Release</Filter>
    </ClCompile>
    <ClCompile Include="databasetreeitem.cpp">
      <Filter>Source Files</Filter>
    </ClCompile>
    <ClCompile Include="databasetreemodel.cpp">
      <Filter>Source Files</Filter>
    </ClCompile>
    <ClCompile Include="GeneratedFiles\Debug\moc_xsddbconnecterrorpacketparser.cpp">
      <Filter>Generated Files\Debug</Filter>
    </ClCompile>
    <ClCompile Include="GeneratedFiles\Release\moc_xsddbconnecterrorpacketparser.cpp">
      <Filter>Generated Files\Release</Filter>
    </ClCompile>
    <ClCompile Include="GeneratedFiles\Debug\moc_xsdinformpacketparser.cpp">
      <Filter>Generated Files\Debug</Filter>
    </ClCompile>
    <ClCompile Include="GeneratedFiles\Release\moc_xsdinformpacketparser.cpp">
      <Filter>Generated Files\Release</Filter>
    </ClCompile>
    <ClCompile Include="GeneratedFiles\Debug\moc_xsdresolvepacketparser.cpp">
      <Filter>Generated Files\Debug</Filter>
    </ClCompile>
    <ClCompile Include="GeneratedFiles\Release\moc_xsdresolvepacketparser.cpp">
      <Filter>Generated Files\Release</Filter>
    </ClCompile>
    <ClCompile Include="xsddbconnecterrorpacketparser.cpp">
      <Filter>Source Files</Filter>
    </ClCompile>
    <ClCompile Include="xsdinformpacketparser.cpp">
      <Filter>Source Files</Filter>
    </ClCompile>
    <ClCompile Include="xsdresolvepacketparser.cpp">
      <Filter>Source Files</Filter>
    </ClCompile>
    <ClCompile Include="dbconnecterrorpacketdata.cpp">
      <Filter>Source Files</Filter>
    </ClCompile>
    <ClCompile Include="GeneratedFiles\Debug\moc_dbconnecterrorpacketdata.cpp">
      <Filter>Generated Files\Debug</Filter>
    </ClCompile>
    <ClCompile Include="GeneratedFiles\Release\moc_dbconnecterrorpacketdata.cpp">
      <Filter>Generated Files\Release</Filter>
    </ClCompile>
    <ClCompile Include="informpacketdata.cpp">
      <Filter>Source Files</Filter>
    </ClCompile>
    <ClCompile Include="GeneratedFiles\Debug\moc_informpacketdata.cpp">
      <Filter>Generated Files\Debug</Filter>
    </ClCompile>
    <ClCompile Include="GeneratedFiles\Release\moc_informpacketdata.cpp">
      <Filter>Generated Files\Release</Filter>
    </ClCompile>
    <ClCompile Include="resolvepacketdata.cpp">
      <Filter>Source Files</Filter>
    </ClCompile>
    <ClCompile Include="GeneratedFiles\Debug\moc_resolvepacketdata.cpp">
      <Filter>Generated Files\Debug</Filter>
    </ClCompile>
    <ClCompile Include="GeneratedFiles\Release\moc_resolvepacketdata.cpp">
      <Filter>Generated Files\Release</Filter>
    </ClCompile>
    <ClCompile Include="labelsettingsreader.cpp">
      <Filter>Source Files</Filter>
    </ClCompile>
    <ClCompile Include="GeneratedFiles\Debug\moc_labelsettingsreader.cpp">
      <Filter>Generated Files\Debug</Filter>
    </ClCompile>
    <ClCompile Include="GeneratedFiles\Release\moc_labelsettingsreader.cpp">
      <Filter>Generated Files\Release</Filter>
    </ClCompile>
    <ClCompile Include="ftpclient.cpp">
      <Filter>Source Files</Filter>
    </ClCompile>
    <ClCompile Include="GeneratedFiles\Debug\moc_ftpclient.cpp">
      <Filter>Generated Files\Debug</Filter>
    </ClCompile>
    <ClCompile Include="GeneratedFiles\Release\moc_ftpclient.cpp">
      <Filter>Generated Files\Release</Filter>
    </ClCompile>
    <ClCompile Include="backupdatabasepacketdata.cpp">
      <Filter>Source Files</Filter>
    </ClCompile>
    <ClCompile Include="GeneratedFiles\Debug\moc_backupdatabasepacketdata.cpp">
      <Filter>Generated Files\Debug</Filter>
    </ClCompile>
    <ClCompile Include="GeneratedFiles\Release\moc_backupdatabasepacketdata.cpp">
      <Filter>Generated Files\Release</Filter>
    </ClCompile>
    <ClCompile Include="xsdbackupdatabasepacketparser.cpp">
      <Filter>Source Files</Filter>
    </ClCompile>
    <ClCompile Include="GeneratedFiles\Debug\moc_xsdbackupdatabasepacketparser.cpp">
      <Filter>Generated Files\Debug</Filter>
    </ClCompile>
    <ClCompile Include="GeneratedFiles\Release\moc_xsdbackupdatabasepacketparser.cpp">
      <Filter>Generated Files\Release</Filter>
    </ClCompile>
    <ClCompile Include="listdatabasepacketdata.cpp">
      <Filter>Source Files</Filter>
    </ClCompile>
    <ClCompile Include="GeneratedFiles\Debug\moc_listdatabasepacketdata.cpp">
      <Filter>Generated Files\Debug</Filter>
    </ClCompile>
    <ClCompile Include="GeneratedFiles\Release\moc_listdatabasepacketdata.cpp">
      <Filter>Generated Files\Release</Filter>
    </ClCompile>
    <ClCompile Include="xsdlistdatabasepacketparser.cpp">
      <Filter>Source Files</Filter>
    </ClCompile>
    <ClCompile Include="GeneratedFiles\Debug\moc_xsdlistdatabasepacketparser.cpp">
      <Filter>Generated Files\Debug</Filter>
    </ClCompile>
    <ClCompile Include="GeneratedFiles\Release\moc_xsdlistdatabasepacketparser.cpp">
      <Filter>Generated Files\Release</Filter>
    </ClCompile>
    <ClCompile Include="GeneratedFiles\Debug\moc_restoredatabasepacketdata.cpp">
      <Filter>Generated Files\Debug</Filter>
    </ClCompile>
    <ClCompile Include="GeneratedFiles\Release\moc_restoredatabasepacketdata.cpp">
      <Filter>Generated Files\Release</Filter>
    </ClCompile>
    <ClCompile Include="restoredatabasepacketdata.cpp">
      <Filter>Source Files</Filter>
    </ClCompile>
    <ClCompile Include="xsdrestoredatabasepacketparser.cpp">
      <Filter>Source Files</Filter>
    </ClCompile>
    <ClCompile Include="GeneratedFiles\Debug\moc_xsdrestoredatabasepacketparser.cpp">
      <Filter>Generated Files\Debug</Filter>
    </ClCompile>
    <ClCompile Include="GeneratedFiles\Release\moc_xsdrestoredatabasepacketparser.cpp">
      <Filter>Generated Files\Release</Filter>
    </ClCompile>
    <ClCompile Include="replicationobjectpacketdata.cpp">
      <Filter>Source Files</Filter>
    </ClCompile>
    <ClCompile Include="GeneratedFiles\Debug\moc_replicationobjectpacketdata.cpp">
      <Filter>Generated Files\Debug</Filter>
    </ClCompile>
    <ClCompile Include="GeneratedFiles\Release\moc_replicationobjectpacketdata.cpp">
      <Filter>Generated Files\Release</Filter>
    </ClCompile>
    <ClCompile Include="xsdreplicationobjectpacketparser.cpp">
      <Filter>Source Files</Filter>
    </ClCompile>
    <ClCompile Include="GeneratedFiles\Debug\moc_xsdreplicationobjectpacketparser.cpp">
      <Filter>Generated Files\Debug</Filter>
    </ClCompile>
    <ClCompile Include="GeneratedFiles\Release\moc_xsdreplicationobjectpacketparser.cpp">
      <Filter>Generated Files\Release</Filter>
    </ClCompile>
    <ClCompile Include="listserverpacketdata.cpp">
      <Filter>Source Files</Filter>
    </ClCompile>
    <ClCompile Include="GeneratedFiles\Debug\moc_listserverpacketdata.cpp">
      <Filter>Generated Files\Debug</Filter>
    </ClCompile>
    <ClCompile Include="GeneratedFiles\Release\moc_listserverpacketdata.cpp">
      <Filter>Generated Files\Release</Filter>
    </ClCompile>
    <ClCompile Include="xsdlistserverpacketparser.cpp">
      <Filter>Source Files</Filter>
    </ClCompile>
    <ClCompile Include="GeneratedFiles\Debug\moc_xsdlistserverpacketparser.cpp">
      <Filter>Generated Files\Debug</Filter>
    </ClCompile>
    <ClCompile Include="GeneratedFiles\Release\moc_xsdlistserverpacketparser.cpp">
      <Filter>Generated Files\Release</Filter>
    </ClCompile>
  </ItemGroup>
</Project>