
Microsoft Visual Studio Solution File, Format Version 12.00
# Visual Studio 14
VisualStudioVersion = 14.0.24720.0
MinimumVisualStudioVersion = 10.0.40219.1
Project("{FAE04EC0-301F-11D3-BF4B-00C04F79EFBC}") = "TestSinventCustomResolveService", "TestSinventCustomResolveService\TestSinventCustomResolveService.csproj", "{9AC70BA2-31DB-4FAD-A11F-19633F587821}"
EndProject
Project("{FAE04EC0-301F-11D3-BF4B-00C04F79EFBC}") = "SinventCustomResolveService", "SinventCustomResolveService\SinventCustomResolveService.csproj", "{5081FD01-53F3-4F22-9CCD-B1099FACEC8F}"
EndProject
Global
	GlobalSection(SolutionConfigurationPlatforms) = preSolution
		Debug|Any CPU = Debug|Any CPU
		Debug|x64 = Debug|x64
		Release|Any CPU = Release|Any CPU
		Release|x64 = Release|x64
	EndGlobalSection
	GlobalSection(ProjectConfigurationPlatforms) = postSolution
		{9AC70BA2-31DB-4FAD-A11F-19633F587821}.Debug|Any CPU.ActiveCfg = Debug|Any CPU
		{9AC70BA2-31DB-4FAD-A11F-19633F587821}.Debug|Any CPU.Build.0 = Debug|Any CPU
		{9AC70BA2-31DB-4FAD-A11F-19633F587821}.Debug|x64.ActiveCfg = Debug|x64
		{9AC70BA2-31DB-4FAD-A11F-19633F587821}.Debug|x64.Build.0 = Debug|x64
		{9AC70BA2-31DB-4FAD-A11F-19633F587821}.Release|Any CPU.ActiveCfg = Release|Any CPU
		{9AC70BA2-31DB-4FAD-A11F-19633F587821}.Release|Any CPU.Build.0 = Release|Any CPU
		{9AC70BA2-31DB-4FAD-A11F-19633F587821}.Release|x64.ActiveCfg = Release|x64
		{9AC70BA2-31DB-4FAD-A11F-19633F587821}.Release|x64.Build.0 = Release|x64
		{5081FD01-53F3-4F22-9CCD-B1099FACEC8F}.Debug|Any CPU.ActiveCfg = Debug|Any CPU
		{5081FD01-53F3-4F22-9CCD-B1099FACEC8F}.Debug|Any CPU.Build.0 = Debug|Any CPU
		{5081FD01-53F3-4F22-9CCD-B1099FACEC8F}.Debug|x64.ActiveCfg = Debug|x64
		{5081FD01-53F3-4F22-9CCD-B1099FACEC8F}.Debug|x64.Build.0 = Debug|x64
		{5081FD01-53F3-4F22-9CCD-B1099FACEC8F}.Release|Any CPU.ActiveCfg = Release|Any CPU
		{5081FD01-53F3-4F22-9CCD-B1099FACEC8F}.Release|Any CPU.Build.0 = Release|Any CPU
		{5081FD01-53F3-4F22-9CCD-B1099FACEC8F}.Release|x64.ActiveCfg = Release|x64
		{5081FD01-53F3-4F22-9CCD-B1099FACEC8F}.Release|x64.Build.0 = Release|x64
	EndGlobalSection
	GlobalSection(SolutionProperties) = preSolution
		HideSolutionNode = FALSE
	EndGlobalSection
EndGlobal
