<?xml version="1.0" encoding="utf-8"?>
<Project ToolsVersion="4.0" xmlns="http://schemas.microsoft.com/developer/msbuild/2003">
  <ItemGroup>
    <ClCompile Include="backupapp.cpp">
      <Filter>Source Files</Filter>
    </ClCompile>
    <ClCompile Include="GeneratedFiles\Release\moc_backupapp.cpp">
      <Filter>Generated Files\Release</Filter>
    </ClCompile>
    <ClCompile Include="GeneratedFiles\Debug\moc_backupapp.cpp">
      <Filter>Generated Files\Debug</Filter>
    </ClCompile>
    <ClCompile Include="main.cpp">
      <Filter>Source Files</Filter>
    </ClCompile>
    <ClCompile Include="GeneratedFiles\qrc_backupapp.cpp">
      <Filter>Generated Files</Filter>
    </ClCompile>
    <ClCompile Include="GeneratedFiles\Debug\moc_backupwizard.cpp">
      <Filter>Generated Files\Debug</Filter>
    </ClCompile>
    <ClCompile Include="GeneratedFiles\Release\moc_backupwizard.cpp">
      <Filter>Generated Files\Release</Filter>
    </ClCompile>
    <ClCompile Include="backupwizard.cpp">
      <Filter>Source Files</Filter>
    </ClCompile>
    <ClCompile Include="GeneratedFiles\Debug\moc_backupsettingwizardpage.cpp">
      <Filter>Generated Files\Debug</Filter>
    </ClCompile>
    <ClCompile Include="GeneratedFiles\Release\moc_backupsettingwizardpage.cpp">
      <Filter>Generated Files\Release</Filter>
    </ClCompile>
    <ClCompile Include="backupsettingwizardpage.cpp">
      <Filter>Source Files</Filter>
    </ClCompile>
    <ClCompile Include="GeneratedFiles\Debug\moc_backupdatabasewizardpage.cpp">
      <Filter>Generated Files\Debug</Filter>
    </ClCompile>
    <ClCompile Include="GeneratedFiles\Release\moc_backupdatabasewizardpage.cpp">
      <Filter>Generated Files\Release</Filter>
    </ClCompile>
    <ClCompile Include="backupdatabasewizardpage.cpp">
      <Filter>Source Files</Filter>
    </ClCompile>
    <ClCompile Include="GeneratedFiles\Debug\moc_backupprogresswizardpage.cpp">
      <Filter>Generated Files\Debug</Filter>
    </ClCompile>
    <ClCompile Include="GeneratedFiles\Release\moc_backupprogresswizardpage.cpp">
      <Filter>Generated Files\Release</Filter>
    </ClCompile>
    <ClCompile Include="backupprogresswizardpage.cpp">
      <Filter>Source Files</Filter>
    </ClCompile>
  </ItemGroup>
  <ItemGroup>
    <CustomBuild Include="backupapp.h">
      <Filter>Header Files</Filter>
    </CustomBuild>
    <CustomBuild Include="backupapp.qrc">
      <Filter>Resource Files</Filter>
    </CustomBuild>
    <CustomBuild Include="backupwizard.h">
      <Filter>Header Files</Filter>
    </CustomBuild>
    <CustomBuild Include="backupsettingwizardpage.h">
      <Filter>Header Files</Filter>
    </CustomBuild>
    <CustomBuild Include="backupsettingwizardpage.ui">
      <Filter>Form Files</Filter>
    </CustomBuild>
    <CustomBuild Include="backupdatabasewizardpage.h">
      <Filter>Header Files</Filter>
    </CustomBuild>
    <CustomBuild Include="backupdatabasewizardpage.ui">
      <Filter>Form Files</Filter>
    </CustomBuild>
    <CustomBuild Include="backupprogresswizardpage.h">
      <Filter>Header Files</Filter>
    </CustomBuild>
    <CustomBuild Include="backupprogresswizardpage.ui">
      <Filter>Form Files</Filter>
    </CustomBuild>
  </ItemGroup>
  <ItemGroup>
    <Filter Include="Header Files">
      <UniqueIdentifier>{93995380-89BD-4b04-88EB-625FBE52EBFB}</UniqueIdentifier>
      <Extensions>h;hh;hpp;hxx;hm;inl;inc;xsd</Extensions>
      <ParseFiles>true</ParseFiles>
    </Filter>
    <Filter Include="Generated Files">
      <UniqueIdentifier>{71ED8ED8-ACB9-4CE9-BBE1-E00B30144E11}</UniqueIdentifier>
      <Extensions>moc;h;cpp</Extensions>
      <ParseFiles>true</ParseFiles>
    </Filter>
    <Filter Include="Generated Files\Debug">
      <UniqueIdentifier>{80cc8b23-5cb1-4137-9721-8fafce878ad7}</UniqueIdentifier>
      <Extensions>cpp;moc</Extensions>
      <SourceControlFiles>False</SourceControlFiles>
    </Filter>
    <Filter Include="Generated Files\Release">
      <UniqueIdentifier>{2e9a14b0-24f8-4dad-9fb9-88abc383ef3a}</UniqueIdentifier>
      <Extensions>cpp;moc</Extensions>
      <SourceControlFiles>False</SourceControlFiles>
    </Filter>
    <Filter Include="Source Files">
      <UniqueIdentifier>{4FC737F1-C7A5-4376-A066-2A32D752A2FF}</UniqueIdentifier>
      <Extensions>cpp;c;cc;cxx;def;odl;idl;hpj;bat;asm;asmx</Extensions>
      <ParseFiles>true</ParseFiles>
    </Filter>
    <Filter Include="Form Files">
      <UniqueIdentifier>{99349809-55BA-4b9d-BF79-8FDBB0286EB3}</UniqueIdentifier>
      <Extensions>ui</Extensions>
      <ParseFiles>true</ParseFiles>
    </Filter>
    <Filter Include="Resource Files">
      <UniqueIdentifier>{ec78aa33-f269-41cd-b8e9-ed6a9912ea34}</UniqueIdentifier>
    </Filter>
  </ItemGroup>
  <ItemGroup>
    <ClInclude Include="GeneratedFiles\ui_backupsettingwizardpage.h">
      <Filter>Generated Files</Filter>
    </ClInclude>
    <ClInclude Include="GeneratedFiles\ui_backupdatabasewizardpage.h">
      <Filter>Generated Files</Filter>
    </ClInclude>
    <ClInclude Include="GeneratedFiles\ui_backupprogresswizardpage.h">
      <Filter>Generated Files</Filter>
    </ClInclude>
  </ItemGroup>
</Project>